{
  "name": "user-test-5to1r",
  "lockfileVersion": 3,
  "requires": true,
  "packages": {
    "": {
      "name": "user-test-5to1r",
      "dependencies": {
        "5to1r": "^0.1.0"
      }
    },
    "node_modules/5to1r": {
      "version": "0.1.0",
      "resolved": "https://registry.npmjs.org/5to1r/-/5to1r-0.1.0.tgz",
      "integrity": "sha512-rS8ktNsOS9sBRcUz5tRqaZbKt3agZUKeEuzxvLmboYEoPYtl9dNsuyN3i6Ihk8AgeU7oHRcPEmSRSPRyTP7nsA==",
      "license": "MIT"
    }
  }
}
